dependencies:
- name: ucentralgw
  repository: git+https://github.com/Telecominfraproject/wlan-cloud-ucentralgw@helm?ref=master
  version: 0.1.0
- name: ucentralsec
  repository: git+https://github.com/Telecominfraproject/wlan-cloud-ucentralsec@helm?ref=main
  version: 0.1.0
- name: ucentralgwui
  repository: git+https://github.com/Telecominfraproject/wlan-cloud-ucentralgw-ui@helm?ref=main
  version: 0.1.0
- name: rttys
  repository: git+https://github.com/Telecominfraproject/wlan-cloud-ucentralgw-rtty@chart?ref=main
  version: 0.1.0
- name: kafka
  repository: https://charts.bitnami.com/bitnami
  version: 13.0.2
digest: sha256:53ad7494db63a30c02f01a6d9262efadeb475a51259b0351b90079456baf30cf
generated: "2021-07-21T15:04:25.34215441+03:00"
